
Microsoft Visual Studio Solution File, Format Version 12.00
# Visual Studio Version 17
VisualStudioVersion = 17.11.35327.3
MinimumVisualStudioVersion = 10.0.40219.1
Project("{FAE04EC0-301F-11D3-BF4B-00C04F79EFBC}") = "CAT's Problem", "CAT's Problem\CAT's Problem.csproj", "{A98C7296-EB07-4B7B-8CD2-B0CCA5E96E9C}"
EndProject
Global
	GlobalSection(SolutionConfigurationPlatforms) = preSolution
		Debug|Any CPU = Debug|Any CPU
		Release|Any CPU = Release|Any CPU
	EndGlobalSection
	GlobalSection(ProjectConfigurationPlatforms) = postSolution
		{A98C7296-EB07-4B7B-8CD2-B0CCA5E96E9C}.Debug|Any CPU.ActiveCfg = Debug|Any CPU
		{A98C7296-EB07-4B7B-8CD2-B0CCA5E96E9C}.Debug|Any CPU.Build.0 = Debug|Any CPU
		{A98C7296-EB07-4B7B-8CD2-B0CCA5E96E9C}.Release|Any CPU.ActiveCfg = Release|Any CPU
		{A98C7296-EB07-4B7B-8CD2-B0CCA5E96E9C}.Release|Any CPU.Build.0 = Release|Any CPU
	EndGlobalSection
	GlobalSection(SolutionProperties) = preSolution
		HideSolutionNode = FALSE
	EndGlobalSection
	GlobalSection(ExtensibilityGlobals) = postSolution
		SolutionGuid = {1C023318-6E1A-4CBA-808D-5DCE40574E48}
	EndGlobalSection
EndGlobal
